
Microsoft Visual Studio Solution File, Format Version 12.00
# Visual Studio Version 16
VisualStudioVersion = 16.0.30413.136
MinimumVisualStudioVersion = 10.0.40219.1
Project("{FAE04EC0-301F-11D3-BF4B-00C04F79EFBC}") = "Layouts_App_Valjataga.Android", "Layouts_App_Valjataga\Layouts_App_Valjataga.Android\Layouts_App_Valjataga.Android.csproj", "{37C46B39-D806-4099-B57C-F1BB70C1F70C}"
EndProject
Project("{FAE04EC0-301F-11D3-BF4B-00C04F79EFBC}") = "Layouts_App_Valjataga.iOS", "Layouts_App_Valjataga\Layouts_App_Valjataga.iOS\Layouts_App_Valjataga.iOS.csproj", "{7F160DFC-C22D-4DD5-99FF-F6E8D7D39406}"
EndProject
Project("{FAE04EC0-301F-11D3-BF4B-00C04F79EFBC}") = "Layouts_App_Valjataga", "Layouts_App_Valjataga\Layouts_App_Valjataga\Layouts_App_Valjataga.csproj", "{5228EF14-584F-4051-86A2-6400CEC7047B}"
EndProject
Global
	GlobalSection(SolutionConfigurationPlatforms) = preSolution
		Debug|Any CPU = Debug|Any CPU
		Debug|iPhone = Debug|iPhone
		Debug|iPhoneSimulator = Debug|iPhoneSimulator
		Release|Any CPU = Release|Any CPU
		Release|iPhone = Release|iPhone
		Release|iPhoneSimulator = Release|iPhoneSimulator
	EndGlobalSection
	GlobalSection(ProjectConfigurationPlatforms) = postSolution
		{37C46B39-D806-4099-B57C-F1BB70C1F70C}.Debug|Any CPU.ActiveCfg = Debug|Any CPU
		{37C46B39-D806-4099-B57C-F1BB70C1F70C}.Debug|Any CPU.Build.0 = Debug|Any CPU
		{37C46B39-D806-4099-B57C-F1BB70C1F70C}.Debug|Any CPU.Deploy.0 = Debug|Any CPU
		{37C46B39-D806-4099-B57C-F1BB70C1F70C}.Debug|iPhone.ActiveCfg = Debug|Any CPU
		{37C46B39-D806-4099-B57C-F1BB70C1F70C}.Debug|iPhone.Build.0 = Debug|Any CPU
		{37C46B39-D806-4099-B57C-F1BB70C1F70C}.Debug|iPhone.Deploy.0 = Debug|Any CPU
		{37C46B39-D806-4099-B57C-F1BB70C1F70C}.Debug|iPhoneSimulator.ActiveCfg = Debug|Any CPU
		{37C46B39-D806-4099-B57C-F1BB70C1F70C}.Debug|iPhoneSimulator.Build.0 = Debug|Any CPU
		{37C46B39-D806-4099-B57C-F1BB70C1F70C}.Debug|iPhoneSimulator.Deploy.0 = Debug|Any CPU
		{37C46B39-D806-4099-B57C-F1BB70C1F70C}.Release|Any CPU.ActiveCfg = Release|Any CPU
		{37C46B39-D806-4099-B57C-F1BB70C1F70C}.Release|Any CPU.Build.0 = Release|Any CPU
		{37C46B39-D806-4099-B57C-F1BB70C1F70C}.Release|Any CPU.Deploy.0 = Release|Any CPU
		{37C46B39-D806-4099-B57C-F1BB70C1F70C}.Release|iPhone.ActiveCfg = Release|Any CPU
		{37C46B39-D806-4099-B57C-F1BB70C1F70C}.Release|iPhone.Build.0 = Release|Any CPU
		{37C46B39-D806-4099-B57C-F1BB70C1F70C}.Release|iPhone.Deploy.0 = Release|Any CPU
		{37C46B39-D806-4099-B57C-F1BB70C1F70C}.Release|iPhoneSimulator.ActiveCfg = Release|Any CPU
		{37C46B39-D806-4099-B57C-F1BB70C1F70C}.Release|iPhoneSimulator.Build.0 = Release|Any CPU
		{37C46B39-D806-4099-B57C-F1BB70C1F70C}.Release|iPhoneSimulator.Deploy.0 = Release|Any CPU
		{7F160DFC-C22D-4DD5-99FF-F6E8D7D39406}.Debug|Any CPU.ActiveCfg = Debug|iPhone
		{7F160DFC-C22D-4DD5-99FF-F6E8D7D39406}.Debug|Any CPU.Build.0 = Debug|iPhone
		{7F160DFC-C22D-4DD5-99FF-F6E8D7D39406}.Debug|Any CPU.Deploy.0 = Debug|iPhone
		{7F160DFC-C22D-4DD5-99FF-F6E8D7D39406}.Debug|iPhone.ActiveCfg = Debug|iPhone
		{7F160DFC-C22D-4DD5-99FF-F6E8D7D39406}.Debug|iPhone.Build.0 = Debug|iPhone
		{7F160DFC-C22D-4DD5-99FF-F6E8D7D39406}.Debug|iPhone.Deploy.0 = Debug|iPhone
		{7F160DFC-C22D-4DD5-99FF-F6E8D7D39406}.Debug|iPhoneSimulator.ActiveCfg = Debug|iPhoneSimulator
		{7F160DFC-C22D-4DD5-99FF-F6E8D7D39406}.Debug|iPhoneSimulator.Build.0 = Debug|iPhoneSimulator
		{7F160DFC-C22D-4DD5-99FF-F6E8D7D39406}.Debug|iPhoneSimulator.Deploy.0 = Debug|iPhoneSimulator
		{7F160DFC-C22D-4DD5-99FF-F6E8D7D39406}.Release|Any CPU.ActiveCfg = Release|iPhone
		{7F160DFC-C22D-4DD5-99FF-F6E8D7D39406}.Release|Any CPU.Build.0 = Release|iPhone
		{7F160DFC-C22D-4DD5-99FF-F6E8D7D39406}.Release|Any CPU.Deploy.0 = Release|iPhone
		{7F160DFC-C22D-4DD5-99FF-F6E8D7D39406}.Release|iPhone.ActiveCfg = Release|iPhone
		{7F160DFC-C22D-4DD5-99FF-F6E8D7D39406}.Release|iPhone.Build.0 = Release|iPhone
		{7F160DFC-C22D-4DD5-99FF-F6E8D7D39406}.Release|iPhone.Deploy.0 = Release|iPhone
		{7F160DFC-C22D-4DD5-99FF-F6E8D7D39406}.Release|iPhoneSimulator.ActiveCfg = Release|iPhoneSimulator
		{7F160DFC-C22D-4DD5-99FF-F6E8D7D39406}.Release|iPhoneSimulator.Build.0 = Release|iPhoneSimulator
		{7F160DFC-C22D-4DD5-99FF-F6E8D7D39406}.Release|iPhoneSimulator.Deploy.0 = Release|iPhoneSimulator
		{5228EF14-584F-4051-86A2-6400CEC7047B}.Debug|Any CPU.ActiveCfg = Debug|Any CPU
		{5228EF14-584F-4051-86A2-6400CEC7047B}.Debug|Any CPU.Build.0 = Debug|Any CPU
		{5228EF14-584F-4051-86A2-6400CEC7047B}.Debug|Any CPU.Deploy.0 = Debug|Any CPU
		{5228EF14-584F-4051-86A2-6400CEC7047B}.Debug|iPhone.ActiveCfg = Debug|Any CPU
		{5228EF14-584F-4051-86A2-6400CEC7047B}.Debug|iPhone.Build.0 = Debug|Any CPU
		{5228EF14-584F-4051-86A2-6400CEC7047B}.Debug|iPhone.Deploy.0 = Debug|Any CPU
		{5228EF14-584F-4051-86A2-6400CEC7047B}.Debug|iPhoneSimulator.ActiveCfg = Debug|Any CPU
		{5228EF14-584F-4051-86A2-6400CEC7047B}.Debug|iPhoneSimulator.Build.0 = Debug|Any CPU
		{5228EF14-584F-4051-86A2-6400CEC7047B}.Debug|iPhoneSimulator.Deploy.0 = Debug|Any CPU
		{5228EF14-584F-4051-86A2-6400CEC7047B}.Release|Any CPU.ActiveCfg = Release|Any CPU
		{5228EF14-584F-4051-86A2-6400CEC7047B}.Release|Any CPU.Build.0 = Release|Any CPU
		{5228EF14-584F-4051-86A2-6400CEC7047B}.Release|Any CPU.Deploy.0 = Release|Any CPU
		{5228EF14-584F-4051-86A2-6400CEC7047B}.Release|iPhone.ActiveCfg = Release|Any CPU
		{5228EF14-584F-4051-86A2-6400CEC7047B}.Release|iPhone.Build.0 = Release|Any CPU
		{5228EF14-584F-4051-86A2-6400CEC7047B}.Release|iPhone.Deploy.0 = Release|Any CPU
		{5228EF14-584F-4051-86A2-6400CEC7047B}.Release|iPhoneSimulator.ActiveCfg = Release|Any CPU
		{5228EF14-584F-4051-86A2-6400CEC7047B}.Release|iPhoneSimulator.Build.0 = Release|Any CPU
		{5228EF14-584F-4051-86A2-6400CEC7047B}.Release|iPhoneSimulator.Deploy.0 = Release|Any CPU
	EndGlobalSection
	GlobalSection(SolutionProperties) = preSolution
		HideSolutionNode = FALSE
	EndGlobalSection
	GlobalSection(ExtensibilityGlobals) = postSolution
		SolutionGuid = {626C6976-50F4-44AD-80B6-E161CDA9A2B6}
	EndGlobalSection
EndGlobal
